
Microsoft Visual Studio Solution File, Format Version 12.00
# Visual Studio Version 17
VisualStudioVersion = 17.3.32922.545
MinimumVisualStudioVersion = 10.0.40219.1
Project("{9A19103F-16F7-4668-BE54-9A1E7A4F7556}") = "BikeStationsMvc", "BikeStationsMvc\BikeStationsMvc.csproj", "{25882877-4178-46B6-B6D9-8174068F4774}"
EndProject
Project("{9A19103F-16F7-4668-BE54-9A1E7A4F7556}") = "BikeStationsApi", "BikeStationsApi\BikeStationsApi.csproj", "{6023FDDB-F2E3-4041-81EE-1C35BFA2D4EB}"
EndProject
Project("{E24C65DC-7377-472B-9ABA-BC803B73C61A}") = "BikeStation", "..\..\..\BikeStation\", "{87B75FFA-D994-439F-9ECC-6D753ABE6829}"
	ProjectSection(WebsiteProperties) = preProject
		TargetFrameworkMoniker = ".NETFramework,Version%3Dv4.8"
		Debug.AspNetCompiler.VirtualPath = "/localhost_65460"
		Debug.AspNetCompiler.PhysicalPath = "..\..\..\BikeStation\"
		Debug.AspNetCompiler.TargetPath = "PrecompiledWeb\localhost_65460\"
		Debug.AspNetCompiler.Updateable = "true"
		Debug.AspNetCompiler.ForceOverwrite = "true"
		Debug.AspNetCompiler.FixedNames = "false"
		Debug.AspNetCompiler.Debug = "True"
		Release.AspNetCompiler.VirtualPath = "/localhost_65460"
		Release.AspNetCompiler.PhysicalPath = "..\..\..\BikeStation\"
		Release.AspNetCompiler.TargetPath = "PrecompiledWeb\localhost_65460\"
		Release.AspNetCompiler.Updateable = "true"
		Release.AspNetCompiler.ForceOverwrite = "true"
		Release.AspNetCompiler.FixedNames = "false"
		Release.AspNetCompiler.Debug = "False"
		VWDPort = "65460"
		SlnRelativePath = "..\..\..\BikeStation\"
	EndProjectSection
EndProject
Project("{FAE04EC0-301F-11D3-BF4B-00C04F79EFBC}") = "Angular", "Angular\Angular.csproj", "{30682BCE-FD1B-42BC-9D4A-C958CB363854}"
EndProject
Global
	GlobalSection(SolutionConfigurationPlatforms) = preSolution
		Debug|Any CPU = Debug|Any CPU
		Release|Any CPU = Release|Any CPU
	EndGlobalSection
	GlobalSection(ProjectConfigurationPlatforms) = postSolution
		{25882877-4178-46B6-B6D9-8174068F4774}.Debug|Any CPU.ActiveCfg = Debug|Any CPU
		{25882877-4178-46B6-B6D9-8174068F4774}.Debug|Any CPU.Build.0 = Debug|Any CPU
		{25882877-4178-46B6-B6D9-8174068F4774}.Release|Any CPU.ActiveCfg = Release|Any CPU
		{25882877-4178-46B6-B6D9-8174068F4774}.Release|Any CPU.Build.0 = Release|Any CPU
		{6023FDDB-F2E3-4041-81EE-1C35BFA2D4EB}.Debug|Any CPU.ActiveCfg = Debug|Any CPU
		{6023FDDB-F2E3-4041-81EE-1C35BFA2D4EB}.Debug|Any CPU.Build.0 = Debug|Any CPU
		{6023FDDB-F2E3-4041-81EE-1C35BFA2D4EB}.Release|Any CPU.ActiveCfg = Release|Any CPU
		{6023FDDB-F2E3-4041-81EE-1C35BFA2D4EB}.Release|Any CPU.Build.0 = Release|Any CPU
		{87B75FFA-D994-439F-9ECC-6D753ABE6829}.Debug|Any CPU.ActiveCfg = Debug|Any CPU
		{87B75FFA-D994-439F-9ECC-6D753ABE6829}.Debug|Any CPU.Build.0 = Debug|Any CPU
		{87B75FFA-D994-439F-9ECC-6D753ABE6829}.Release|Any CPU.ActiveCfg = Debug|Any CPU
		{87B75FFA-D994-439F-9ECC-6D753ABE6829}.Release|Any CPU.Build.0 = Debug|Any CPU
		{30682BCE-FD1B-42BC-9D4A-C958CB363854}.Debug|Any CPU.ActiveCfg = Debug|Any CPU
		{30682BCE-FD1B-42BC-9D4A-C958CB363854}.Debug|Any CPU.Build.0 = Debug|Any CPU
		{30682BCE-FD1B-42BC-9D4A-C958CB363854}.Release|Any CPU.ActiveCfg = Release|Any CPU
		{30682BCE-FD1B-42BC-9D4A-C958CB363854}.Release|Any CPU.Build.0 = Release|Any CPU
	EndGlobalSection
	GlobalSection(SolutionProperties) = preSolution
		HideSolutionNode = FALSE
	EndGlobalSection
	GlobalSection(ExtensibilityGlobals) = postSolution
		SolutionGuid = {77811183-3226-489D-AEDB-A5AD3A5DA317}
	EndGlobalSection
EndGlobal
